
Microsoft Visual Studio Solution File, Format Version 12.00
# Visual Studio Version 17
VisualStudioVersion = 17.3.32714.290
MinimumVisualStudioVersion = 10.0.40219.1
Project("{9A19103F-16F7-4668-BE54-9A1E7A4F7556}") = "pngsmasher", "src\pngsmasher.csproj", "{2C2E8237-2CD1-4197-A09A-EF557AE1679E}"
EndProject
Project("{9A19103F-16F7-4668-BE54-9A1E7A4F7556}") = "pngsmasher.tests", "test\pngsmasher.tests.csproj", "{07FBA8F0-2351-4A6A-A57F-4C3E109BE827}"
EndProject
Global
	GlobalSection(SolutionConfigurationPlatforms) = preSolution
		Debug|Any CPU = Debug|Any CPU
		Release|Any CPU = Release|Any CPU
	EndGlobalSection
	GlobalSection(ProjectConfigurationPlatforms) = postSolution
		{2C2E8237-2CD1-4197-A09A-EF557AE1679E}.Debug|Any CPU.ActiveCfg = Debug|Any CPU
		{2C2E8237-2CD1-4197-A09A-EF557AE1679E}.Debug|Any CPU.Build.0 = Debug|Any CPU
		{2C2E8237-2CD1-4197-A09A-EF557AE1679E}.Release|Any CPU.ActiveCfg = Release|Any CPU
		{2C2E8237-2CD1-4197-A09A-EF557AE1679E}.Release|Any CPU.Build.0 = Release|Any CPU
		{07FBA8F0-2351-4A6A-A57F-4C3E109BE827}.Debug|Any CPU.ActiveCfg = Debug|Any CPU
		{07FBA8F0-2351-4A6A-A57F-4C3E109BE827}.Debug|Any CPU.Build.0 = Debug|Any CPU
		{07FBA8F0-2351-4A6A-A57F-4C3E109BE827}.Release|Any CPU.ActiveCfg = Release|Any CPU
		{07FBA8F0-2351-4A6A-A57F-4C3E109BE827}.Release|Any CPU.Build.0 = Release|Any CPU
	EndGlobalSection
	GlobalSection(SolutionProperties) = preSolution
		HideSolutionNode = FALSE
	EndGlobalSection
	GlobalSection(ExtensibilityGlobals) = postSolution
		SolutionGuid = {D0670CE6-8CFA-4188-A67E-353C1C737A7C}
	EndGlobalSection
EndGlobal
